
Microsoft Visual Studio Solution File, Format Version 12.00
# Visual Studio 2013
VisualStudioVersion = 12.0.21005.1
MinimumVisualStudioVersion = 10.0.40219.1
Project("{FAE04EC0-301F-11D3-BF4B-00C04F79EFBC}") = "Areej.ItemTransfer.UI", "Areej.ItemTransfer.UI\Areej.ItemTransfer.UI.csproj", "{E91150D0-0A41-460A-8F7F-60F6123224FE}"
EndProject
Project("{FAE04EC0-301F-11D3-BF4B-00C04F79EFBC}") = "Areej.ItemTransfer.Main", "Areej.ItemTransfer.Main\Areej.ItemTransfer.Main.csproj", "{54922830-C57E-4568-A276-E10C129C8FF5}"
EndProject
Global
	GlobalSection(SolutionConfigurationPlatforms) = preSolution
		Debug|Any CPU = Debug|Any CPU
		Release|Any CPU = Release|Any CPU
	EndGlobalSection
	GlobalSection(ProjectConfigurationPlatforms) = postSolution
		{E91150D0-0A41-460A-8F7F-60F6123224FE}.Debug|Any CPU.ActiveCfg = Debug|Any CPU
		{E91150D0-0A41-460A-8F7F-60F6123224FE}.Debug|Any CPU.Build.0 = Debug|Any CPU
		{E91150D0-0A41-460A-8F7F-60F6123224FE}.Release|Any CPU.ActiveCfg = Release|Any CPU
		{E91150D0-0A41-460A-8F7F-60F6123224FE}.Release|Any CPU.Build.0 = Release|Any CPU
		{54922830-C57E-4568-A276-E10C129C8FF5}.Debug|Any CPU.ActiveCfg = Debug|Any CPU
		{54922830-C57E-4568-A276-E10C129C8FF5}.Debug|Any CPU.Build.0 = Debug|Any CPU
		{54922830-C57E-4568-A276-E10C129C8FF5}.Release|Any CPU.ActiveCfg = Release|Any CPU
		{54922830-C57E-4568-A276-E10C129C8FF5}.Release|Any CPU.Build.0 = Release|Any CPU
	EndGlobalSection
	GlobalSection(SolutionProperties) = preSolution
		HideSolutionNode = FALSE
	EndGlobalSection
EndGlobal
